{
  "object": {
    "pins": [
      {
        "package": "AudioKit",
        "repositoryURL": "https://github.com/AudioKit/AudioKit.git",
        "state": {
          "branch": "v5-develop",
          "revision": "d2cb11770af55ab3e145a5c7e3677d517f5af900",
          "version": null
        }
      },
      {
        "package": "Dunesailer Utilities",
        "repositoryURL": "https://github.com/dunesailer/Utilities.git",
        "state": {
          "branch": null,
          "revision": "ae8dca65655f809fdd3734a6cbb3d82fcd7920bd",
          "version": "0.9.2"
        }
      }
    ]
  },
  "version": 1
}
