{
  "object": {
    "pins": [
      {
        "package": "AudioKit",
        "repositoryURL": "https://github.com/AudioKit/AudioKit.git",
        "state": {
          "branch": null,
          "revision": "23cb5ee6b4f2de1af21851b34cc2b921ba159334",
          "version": "5.0.1"
        }
      },
      {
        "package": "Dunesailer Utilities",
        "repositoryURL": "https://github.com/dunesailer/Utilities.git",
        "state": {
          "branch": null,
          "revision": "e6790e52b3bfbf21f3ba3926c45fa8691d0f605a",
          "version": "2.0.4"
        }
      }
    ]
  },
  "version": 1
}
